
Microsoft Visual Studio Solution File, Format Version 12.00
# Visual Studio Version 17
VisualStudioVersion = 17.10.34916.146
MinimumVisualStudioVersion = 10.0.40219.1
Project("{FAE04EC0-301F-11D3-BF4B-00C04F79EFBC}") = "Sigma.API", "Sigma.API\Sigma.API.csproj", "{8C9E4094-E85F-4566-B60E-7D06CC3EFFAE}"
EndProject
Project("{FAE04EC0-301F-11D3-BF4B-00C04F79EFBC}") = "Sigma.Domain", "Sigma.Domain\Sigma.Domain.csproj", "{B2671D81-77CF-4BE5-B22E-8953784B784B}"
EndProject
Project("{FAE04EC0-301F-11D3-BF4B-00C04F79EFBC}") = "Sigma.Database", "Sigma.Database\Sigma.Database.csproj", "{6957346C-76EF-4B3C-AF84-9F665C68FB92}"
EndProject
Project("{FAE04EC0-301F-11D3-BF4B-00C04F79EFBC}") = "Sigma.Repository", "Sigma.Repository\Sigma.Repository.csproj", "{CD986D09-C910-468F-9F4A-6DFA1A2C2C78}"
EndProject
Project("{FAE04EC0-301F-11D3-BF4B-00C04F79EFBC}") = "Sigma.Service", "Sigma.Service\Sigma.Service.csproj", "{E7D4AB83-1C03-44FB-8648-F033CEEA19F2}"
EndProject
Project("{FAE04EC0-301F-11D3-BF4B-00C04F79EFBC}") = "Sigma.Test", "Sigma.Test\Sigma.Test.csproj", "{0FE2ECFC-F117-445C-8941-5C795D566697}"
EndProject
Global
	GlobalSection(SolutionConfigurationPlatforms) = preSolution
		Debug|Any CPU = Debug|Any CPU
		Release|Any CPU = Release|Any CPU
	EndGlobalSection
	GlobalSection(ProjectConfigurationPlatforms) = postSolution
		{8C9E4094-E85F-4566-B60E-7D06CC3EFFAE}.Debug|Any CPU.ActiveCfg = Debug|Any CPU
		{8C9E4094-E85F-4566-B60E-7D06CC3EFFAE}.Debug|Any CPU.Build.0 = Debug|Any CPU
		{8C9E4094-E85F-4566-B60E-7D06CC3EFFAE}.Release|Any CPU.ActiveCfg = Release|Any CPU
		{8C9E4094-E85F-4566-B60E-7D06CC3EFFAE}.Release|Any CPU.Build.0 = Release|Any CPU
		{B2671D81-77CF-4BE5-B22E-8953784B784B}.Debug|Any CPU.ActiveCfg = Debug|Any CPU
		{B2671D81-77CF-4BE5-B22E-8953784B784B}.Debug|Any CPU.Build.0 = Debug|Any CPU
		{B2671D81-77CF-4BE5-B22E-8953784B784B}.Release|Any CPU.ActiveCfg = Release|Any CPU
		{B2671D81-77CF-4BE5-B22E-8953784B784B}.Release|Any CPU.Build.0 = Release|Any CPU
		{6957346C-76EF-4B3C-AF84-9F665C68FB92}.Debug|Any CPU.ActiveCfg = Debug|Any CPU
		{6957346C-76EF-4B3C-AF84-9F665C68FB92}.Debug|Any CPU.Build.0 = Debug|Any CPU
		{6957346C-76EF-4B3C-AF84-9F665C68FB92}.Release|Any CPU.ActiveCfg = Release|Any CPU
		{6957346C-76EF-4B3C-AF84-9F665C68FB92}.Release|Any CPU.Build.0 = Release|Any CPU
		{CD986D09-C910-468F-9F4A-6DFA1A2C2C78}.Debug|Any CPU.ActiveCfg = Debug|Any CPU
		{CD986D09-C910-468F-9F4A-6DFA1A2C2C78}.Debug|Any CPU.Build.0 = Debug|Any CPU
		{CD986D09-C910-468F-9F4A-6DFA1A2C2C78}.Release|Any CPU.ActiveCfg = Release|Any CPU
		{CD986D09-C910-468F-9F4A-6DFA1A2C2C78}.Release|Any CPU.Build.0 = Release|Any CPU
		{E7D4AB83-1C03-44FB-8648-F033CEEA19F2}.Debug|Any CPU.ActiveCfg = Debug|Any CPU
		{E7D4AB83-1C03-44FB-8648-F033CEEA19F2}.Debug|Any CPU.Build.0 = Debug|Any CPU
		{E7D4AB83-1C03-44FB-8648-F033CEEA19F2}.Release|Any CPU.ActiveCfg = Release|Any CPU
		{E7D4AB83-1C03-44FB-8648-F033CEEA19F2}.Release|Any CPU.Build.0 = Release|Any CPU
		{0FE2ECFC-F117-445C-8941-5C795D566697}.Debug|Any CPU.ActiveCfg = Debug|Any CPU
		{0FE2ECFC-F117-445C-8941-5C795D566697}.Debug|Any CPU.Build.0 = Debug|Any CPU
		{0FE2ECFC-F117-445C-8941-5C795D566697}.Release|Any CPU.ActiveCfg = Release|Any CPU
		{0FE2ECFC-F117-445C-8941-5C795D566697}.Release|Any CPU.Build.0 = Release|Any CPU
	EndGlobalSection
	GlobalSection(SolutionProperties) = preSolution
		HideSolutionNode = FALSE
	EndGlobalSection
	GlobalSection(ExtensibilityGlobals) = postSolution
		SolutionGuid = {8FBB6D08-4B93-4037-969E-6B689F19749B}
	EndGlobalSection
EndGlobal
